
Microsoft Visual Studio Solution File, Format Version 12.00
# Visual Studio Version 16
VisualStudioVersion = 16.0.29411.108
MinimumVisualStudioVersion = 10.0.40219.1
Project("{2150E333-8FDC-42A3-9474-1A3956D46DE8}") = "Observer", "Observer", "{DA420681-E9DC-47F5-B16D-06276CEBCB1A}"
EndProject
Project("{2150E333-8FDC-42A3-9474-1A3956D46DE8}") = "Factory-Method", "Factory-Method", "{665777EC-5921-44DF-9AF6-3205527CF75A}"
EndProject
Project("{2150E333-8FDC-42A3-9474-1A3956D46DE8}") = "Abstract-Factory", "Abstract-Factory", "{A9C672D8-4FA6-4422-827F-B89ECC5CA955}"
EndProject
Project("{9A19103F-16F7-4668-BE54-9A1E7A4F7556}") = "AbstractFactory", "AbstractFactory\AbstractFactory.csproj", "{9B880A18-12EF-4F86-91FC-7D38AA04676A}"
EndProject
Project("{9A19103F-16F7-4668-BE54-9A1E7A4F7556}") = "Observer", "Observer\Observer.csproj", "{3F218428-C302-4DFF-B50F-6CA3F2164090}"
EndProject
Project("{9A19103F-16F7-4668-BE54-9A1E7A4F7556}") = "FactoryMethod", "FactoryMethod\FactoryMethod.csproj", "{A8029476-3603-404D-9924-8F1EBDADA053}"
EndProject
Project("{2150E333-8FDC-42A3-9474-1A3956D46DE8}") = "Facade", "Facade", "{29F26ED0-6CE3-431B-8E62-7213B0DF9FA1}"
EndProject
Project("{9A19103F-16F7-4668-BE54-9A1E7A4F7556}") = "Facade", "Facade\Facadep\Facade.csproj", "{38A5BD8A-ACBE-49EC-8B1B-08D0F58445F8}"
EndProject
Project("{2150E333-8FDC-42A3-9474-1A3956D46DE8}") = "Adapter", "Adapter", "{B719FA24-C51F-4A0A-9C1C-7D1354F1471C}"
EndProject
Project("{2150E333-8FDC-42A3-9474-1A3956D46DE8}") = "Behaviour", "Behaviour", "{3CBC9A58-C42A-4D3D-9FA9-1B51599E1949}"
EndProject
Project("{2150E333-8FDC-42A3-9474-1A3956D46DE8}") = "Creational", "Creational", "{09140730-D0B8-4A38-B6D4-93D83B032834}"
EndProject
Project("{2150E333-8FDC-42A3-9474-1A3956D46DE8}") = "Structural", "Structural", "{62E538A4-C43A-4BA2-85E1-166F92D29B8F}"
EndProject
Global
	GlobalSection(SolutionConfigurationPlatforms) = preSolution
		Debug|Any CPU = Debug|Any CPU
		Release|Any CPU = Release|Any CPU
	EndGlobalSection
	GlobalSection(ProjectConfigurationPlatforms) = postSolution
		{9B880A18-12EF-4F86-91FC-7D38AA04676A}.Debug|Any CPU.ActiveCfg = Debug|Any CPU
		{9B880A18-12EF-4F86-91FC-7D38AA04676A}.Debug|Any CPU.Build.0 = Debug|Any CPU
		{9B880A18-12EF-4F86-91FC-7D38AA04676A}.Release|Any CPU.ActiveCfg = Release|Any CPU
		{9B880A18-12EF-4F86-91FC-7D38AA04676A}.Release|Any CPU.Build.0 = Release|Any CPU
		{3F218428-C302-4DFF-B50F-6CA3F2164090}.Debug|Any CPU.ActiveCfg = Debug|Any CPU
		{3F218428-C302-4DFF-B50F-6CA3F2164090}.Debug|Any CPU.Build.0 = Debug|Any CPU
		{3F218428-C302-4DFF-B50F-6CA3F2164090}.Release|Any CPU.ActiveCfg = Release|Any CPU
		{3F218428-C302-4DFF-B50F-6CA3F2164090}.Release|Any CPU.Build.0 = Release|Any CPU
		{A8029476-3603-404D-9924-8F1EBDADA053}.Debug|Any CPU.ActiveCfg = Debug|Any CPU
		{A8029476-3603-404D-9924-8F1EBDADA053}.Debug|Any CPU.Build.0 = Debug|Any CPU
		{A8029476-3603-404D-9924-8F1EBDADA053}.Release|Any CPU.ActiveCfg = Release|Any CPU
		{A8029476-3603-404D-9924-8F1EBDADA053}.Release|Any CPU.Build.0 = Release|Any CPU
		{38A5BD8A-ACBE-49EC-8B1B-08D0F58445F8}.Debug|Any CPU.ActiveCfg = Debug|Any CPU
		{38A5BD8A-ACBE-49EC-8B1B-08D0F58445F8}.Debug|Any CPU.Build.0 = Debug|Any CPU
		{38A5BD8A-ACBE-49EC-8B1B-08D0F58445F8}.Release|Any CPU.ActiveCfg = Release|Any CPU
		{38A5BD8A-ACBE-49EC-8B1B-08D0F58445F8}.Release|Any CPU.Build.0 = Release|Any CPU
		{593C5E8A-B7AF-45FF-8720-C9D615F07E44}.Debug|Any CPU.ActiveCfg = Debug|Any CPU
		{593C5E8A-B7AF-45FF-8720-C9D615F07E44}.Debug|Any CPU.Build.0 = Debug|Any CPU
		{593C5E8A-B7AF-45FF-8720-C9D615F07E44}.Release|Any CPU.ActiveCfg = Release|Any CPU
		{593C5E8A-B7AF-45FF-8720-C9D615F07E44}.Release|Any CPU.Build.0 = Release|Any CPU
	EndGlobalSection
	GlobalSection(SolutionProperties) = preSolution
		HideSolutionNode = FALSE
	EndGlobalSection
	GlobalSection(NestedProjects) = preSolution
		{DA420681-E9DC-47F5-B16D-06276CEBCB1A} = {3CBC9A58-C42A-4D3D-9FA9-1B51599E1949}
		{665777EC-5921-44DF-9AF6-3205527CF75A} = {09140730-D0B8-4A38-B6D4-93D83B032834}
		{A9C672D8-4FA6-4422-827F-B89ECC5CA955} = {09140730-D0B8-4A38-B6D4-93D83B032834}
		{9B880A18-12EF-4F86-91FC-7D38AA04676A} = {A9C672D8-4FA6-4422-827F-B89ECC5CA955}
		{3F218428-C302-4DFF-B50F-6CA3F2164090} = {DA420681-E9DC-47F5-B16D-06276CEBCB1A}
		{A8029476-3603-404D-9924-8F1EBDADA053} = {665777EC-5921-44DF-9AF6-3205527CF75A}
		{29F26ED0-6CE3-431B-8E62-7213B0DF9FA1} = {62E538A4-C43A-4BA2-85E1-166F92D29B8F}
		{38A5BD8A-ACBE-49EC-8B1B-08D0F58445F8} = {29F26ED0-6CE3-431B-8E62-7213B0DF9FA1}
		{B719FA24-C51F-4A0A-9C1C-7D1354F1471C} = {62E538A4-C43A-4BA2-85E1-166F92D29B8F}
		{593C5E8A-B7AF-45FF-8720-C9D615F07E44} = {B719FA24-C51F-4A0A-9C1C-7D1354F1471C}
	EndGlobalSection
	GlobalSection(ExtensibilityGlobals) = postSolution
		SolutionGuid = {D5114821-63A3-4D58-B262-61B348C31500}
	EndGlobalSection
EndGlobal
